
Microsoft Visual Studio Solution File, Format Version 11.00
# Visual Studio 2010
Project("{FAE04EC0-301F-11D3-BF4B-00C04F79EFBC}") = "Shooter 01", "Assembly-CSharp.csproj", "{0EF15A5D-9FE5-A54B-A07D-860B27CC658D}"
EndProject
Global
	GlobalSection(SolutionConfigurationPlatforms) = preSolution
		Debug|Any CPU = Debug|Any CPU
		Release|Any CPU = Release|Any CPU
	EndGlobalSection
	GlobalSection(ProjectConfigurationPlatforms) = postSolution
		{0EF15A5D-9FE5-A54B-A07D-860B27CC658D}.Debug|Any CPU.ActiveCfg = Debug|Any CPU
		{0EF15A5D-9FE5-A54B-A07D-860B27CC658D}.Debug|Any CPU.Build.0 = Debug|Any CPU
		{0EF15A5D-9FE5-A54B-A07D-860B27CC658D}.Release|Any CPU.ActiveCfg = Release|Any CPU
		{0EF15A5D-9FE5-A54B-A07D-860B27CC658D}.Release|Any CPU.Build.0 = Release|Any CPU
	EndGlobalSection
	GlobalSection(SolutionProperties) = preSolution
		HideSolutionNode = FALSE
	EndGlobalSection
	GlobalSection(MonoDevelopProperties) = preSolution
		StartupItem = Assembly-CSharp.csproj
	EndGlobalSection
EndGlobal
